// !$*UTF8*$!
{
	archiveVersion = 1;
	classes = {
	};
	objectVersion = 56;
	objects = {

/* Begin PBXBuildFile section */
		F3F4622F2A461AC20088F030 /* AppDelegate.swift in Sources */ = {isa = PBXBuildFile; fileRef = F3F4622E2A461AC20088F030 /* AppDelegate.swift */; };
		F3F462312A461AC20088F030 /* SceneDelegate.swift in Sources */ = {isa = PBXBuildFile; fileRef = F3F462302A461AC20088F030 /* SceneDelegate.swift */; };
		F3F462332A461AC20088F030 /* ViewController.swift in Sources */ = {isa = PBXBuildFile; fileRef = F3F462322A461AC20088F030 /* ViewController.swift */; };
		F3F462362A461AC20088F030 /* Main.storyboard in Resources */ = {isa = PBXBuildFile; fileRef = F3F462342A461AC20088F030 /* Main.storyboard */; };
		F3F462392A461AC20088F030 /* InstaApp.xcdatamodeld in Sources */ = {isa = PBXBuildFile; fileRef = F3F462372A461AC20088F030 /* InstaApp.xcdatamodeld */; };
		F3F4623B2A461AC30088F030 /* Assets.xcassets in Resources */ = {isa = PBXBuildFile; fileRef = F3F4623A2A461AC30088F030 /* Assets.xcassets */; };
		F3F4623E2A461AC30088F030 /* LaunchScreen.storyboard in Resources */ = {isa = PBXBuildFile; fileRef = F3F4623C2A461AC30088F030 /* LaunchScreen.storyboard */; };
		F3F462492A461AC30088F030 /* InstaAppTests.swift in Sources */ = {isa = PBXBuildFile; fileRef = F3F462482A461AC30088F030 /* InstaAppTests.swift */; };
		F3F462532A461AC30088F030 /* InstaAppUITests.swift in Sources */ = {isa = PBXBuildFile; fileRef = F3F462522A461AC30088F030 /* InstaAppUITests.swift */; };
		F3F462552A461AC30088F030 /* InstaAppUITestsLaunchTests.swift in Sources */ = {isa = PBXBuildFile; fileRef = F3F462542A461AC30088F030 /* InstaAppUITestsLaunchTests.swift */; };
/* End PBXBuildFile section */

/* Begin PBXContainerItemProxy section */
		F3F462452A461AC30088F030 /* PBXContainerItemProxy */ = {
			isa = PBXContainerItemProxy;
			containerPortal = F3F462232A461AC20088F030 /* Project object */;
			proxyType = 1;
			remoteGlobalIDString = F3F4622A2A461AC20088F030;
			remoteInfo = InstaApp;
		};
		F3F4624F2A461AC30088F030 /* PBXContainerItemProxy */ = {
			isa = PBXContainerItemProxy;
			containerPortal = F3F462232A461AC20088F030 /* Project object */;
			proxyType = 1;
			remoteGlobalIDString = F3F4622A2A461AC20088F030;
			remoteInfo = InstaApp;
		};
/* End PBXContainerItemProxy section */

/* Begin PBXFileReference section */
		F3F4622B2A461AC20088F030 /* InstaApp.app */ = {isa = PBXFileReference; explicitFileType = wrapper.application; includeInIndex = 0; path = InstaApp.app; sourceTree = BUILT_PRODUCTS_DIR; };
		F3F4622E2A461AC20088F030 /* AppDelegate.swift */ = {isa = PBXFileReference; lastKnownFileType = sourcecode.swift; path = AppDelegate.swift; sourceTree = "<group>"; };
		F3F462302A461AC20088F030 /* SceneDelegate.swift */ = {isa = PBXFileReference; lastKnownFileType = sourcecode.swift; path = SceneDelegate.swift; sourceTree = "<group>"; };
		F3F462322A461AC20088F030 /* ViewController.swift */ = {isa = PBXFileReference; lastKnownFileType = sourcecode.swift; path = ViewController.swift; sourceTree = "<group>"; };
		F3F462352A461AC20088F030 /* Base */ = {isa = PBXFileReference; lastKnownFileType = file.storyboard; name = Base; path = Base.lproj/Main.storyboard; sourceTree = "<group>"; };
		F3F462382A461AC20088F030 /* InstaApp.xcdatamodel */ = {isa = PBXFileReference; lastKnownFileType = wrapper.xcdatamodel; path = InstaApp.xcdatamodel; sourceTree = "<group>"; };
		F3F4623A2A461AC30088F030 /* Assets.xcassets */ = {isa = PBXFileReference; lastKnownFileType = folder.assetcatalog; path = Assets.xcassets; sourceTree = "<group>"; };
		F3F4623D2A461AC30088F030 /* Base */ = {isa = PBXFileReference; lastKnownFileType = file.storyboard; name = Base; path = Base.lproj/LaunchScreen.storyboard; sourceTree = "<group>"; };
		F3F4623F2A461AC30088F030 /* Info.plist */ = {isa = PBXFileReference; lastKnownFileType = text.plist.xml; path = Info.plist; sourceTree = "<group>"; };
		F3F462442A461AC30088F030 /* InstaAppTests.xctest */ = {isa = PBXFileReference; explicitFileType = wrapper.cfbundle; includeInIndex = 0; path = InstaAppTests.xctest; sourceTree = BUILT_PRODUCTS_DIR; };
		F3F462482A461AC30088F030 /* InstaAppTests.swift */ = {isa = PBXFileReference; lastKnownFileType = sourcecode.swift; path = InstaAppTests.swift; sourceTree = "<group>"; };
		F3F4624E2A461AC30088F030 /* InstaAppUITests.xctest */ = {isa = PBXFileReference; explicitFileType = wrapper.cfbundle; includeInIndex = 0; path = InstaAppUITests.xctest; sourceTree = BUILT_PRODUCTS_DIR; };
		F3F462522A461AC30088F030 /* InstaAppUITests.swift */ = {isa = PBXFileReference; lastKnownFileType = sourcecode.swift; path = InstaAppUITests.swift; sourceTree = "<group>"; };
		F3F462542A461AC30088F030 /* InstaAppUITestsLaunchTests.swift */ = {isa = PBXFileReference; lastKnownFileType = sourcecode.swift; path = InstaAppUITestsLaunchTests.swift; sourceTree = "<group>"; };
/* End PBXFileReference section */

/* Begin PBXFrameworksBuildPhase section */
		F3F462282A461AC20088F030 /* Frameworks */ = {
			isa = PBXFrameworksBuildPhase;
			buildActionMask = 2147483647;
			files = (
			);
			runOnlyForDeploymentPostprocessing = 0;
		};
		F3F462412A461AC30088F030 /* Frameworks */ = {
			isa = PBXFrameworksBuildPhase;
			buildActionMask = 2147483647;
			files = (
			);
			runOnlyForDeploymentPostprocessing = 0;
		};
		F3F4624B2A461AC30088F030 /* Frameworks */ = {
			isa = PBXFrameworksBuildPhase;
			buildActionMask = 2147483647;
			files = (
			);
			runOnlyForDeploymentPostprocessing = 0;
		};
/* End PBXFrameworksBuildPhase section */

/* Begin PBXGroup section */
		F3F462222A461AC20088F030 = {
			isa = PBXGroup;
			children = (
				F3F4622D2A461AC20088F030 /* InstaApp */,
				F3F462472A461AC30088F030 /* InstaAppTests */,
				F3F462512A461AC30088F030 /* InstaAppUITests */,
				F3F4622C2A461AC20088F030 /* Products */,
			);
			sourceTree = "<group>";
		};
		F3F4622C2A461AC20088F030 /* Products */ = {
			isa = PBXGroup;
			children = (
				F3F4622B2A461AC20088F030 /* InstaApp.app */,
				F3F462442A461AC30088F030 /* InstaAppTests.xctest */,
				F3F4624E2A461AC30088F030 /* InstaAppUITests.xctest */,
			);
			name = Products;
			sourceTree = "<group>";
		};
		F3F4622D2A461AC20088F030 /* InstaApp */ = {
			isa = PBXGroup;
			children = (
				F3F4622E2A461AC20088F030 /* AppDelegate.swift */,
				F3F462302A461AC20088F030 /* SceneDelegate.swift */,
				F3F462322A461AC20088F030 /* ViewController.swift */,
				F3F462342A461AC20088F030 /* Main.storyboard */,
				F3F4623A2A461AC30088F030 /* Assets.xcassets */,
				F3F4623C2A461AC30088F030 /* LaunchScreen.storyboard */,
				F3F4623F2A461AC30088F030 /* Info.plist */,
				F3F462372A461AC20088F030 /* InstaApp.xcdatamodeld */,
			);
			path = InstaApp;
			sourceTree = "<group>";
		};
		F3F462472A461AC30088F030 /* InstaAppTests */ = {
			isa = PBXGroup;
			children = (
				F3F462482A461AC30088F030 /* InstaAppTests.swift */,
			);
			path = InstaAppTests;
			sourceTree = "<group>";
		};
		F3F462512A461AC30088F030 /* InstaAppUITests */ = {
			isa = PBXGroup;
			children = (
				F3F462522A461AC30088F030 /* InstaAppUITests.swift */,
				F3F462542A461AC30088F030 /* InstaAppUITestsLaunchTests.swift */,
			);
			path = InstaAppUITests;
			sourceTree = "<group>";
		};
/* End PBXGroup section */

/* Begin PBXNativeTarget section */
		F3F4622A2A461AC20088F030 /* InstaApp */ = {
			isa = PBXNativeTarget;
			buildConfigurationList = F3F462582A461AC30088F030 /* Build configuration list for PBXNativeTarget "InstaApp" */;
			buildPhases = (
				F3F462272A461AC20088F030 /* Sources */,
				F3F462282A461AC20088F030 /* Frameworks */,
				F3F462292A461AC20088F030 /* Resources */,
			);
			buildRules = (
			);
			dependencies = (
			);
			name = InstaApp;
			productName = InstaApp;
			productReference = F3F4622B2A461AC20088F030 /* InstaApp.app */;
			productType = "com.apple.product-type.application";
		};
		F3F462432A461AC30088F030 /* InstaAppTests */ = {
			isa = PBXNativeTarget;
			buildConfigurationList = F3F4625B2A461AC30088F030 /* Build configuration list for PBXNativeTarget "InstaAppTests" */;
			buildPhases = (
				F3F462402A461AC30088F030 /* Sources */,
				F3F462412A461AC30088F030 /* Frameworks */,
				F3F462422A461AC30088F030 /* Resources */,
			);
			buildRules = (
			);
			dependencies = (
				F3F462462A461AC30088F030 /* PBXTargetDependency */,
			);
			name = InstaAppTests;
			productName = InstaAppTests;
			productReference = F3F462442A461AC30088F030 /* InstaAppTests.xctest */;
			productType = "com.apple.product-type.bundle.unit-test";
		};
		F3F4624D2A461AC30088F030 /* InstaAppUITests */ = {
			isa = PBXNativeTarget;
			buildConfigurationList = F3F4625E2A461AC30088F030 /* Build configuration list for PBXNativeTarget "InstaAppUITests" */;
			buildPhases = (
				F3F4624A2A461AC30088F030 /* Sources */,
				F3F4624B2A461AC30088F030 /* Frameworks */,
				F3F4624C2A461AC30088F030 /* Resources */,
			);
			buildRules = (
			);
			dependencies = (
				F3F462502A461AC30088F030 /* PBXTargetDependency */,
			);
			name = InstaAppUITests;
			productName = InstaAppUITests;
			productReference = F3F4624E2A461AC30088F030 /* InstaAppUITests.xctest */;
			productType = "com.apple.product-type.bundle.ui-testing";
		};
/* End PBXNativeTarget section */

/* Begin PBXProject section */
		F3F462232A461AC20088F030 /* Project object */ = {
			isa = PBXProject;
			attributes = {
				BuildIndependentTargetsInParallel = 1;
				LastSwiftUpdateCheck = 1430;
				LastUpgradeCheck = 1430;
				TargetAttributes = {
					F3F4622A2A461AC20088F030 = {
						CreatedOnToolsVersion = 14.3;
					};
					F3F462432A461AC30088F030 = {
						CreatedOnToolsVersion = 14.3;
						TestTargetID = F3F4622A2A461AC20088F030;
					};
					F3F4624D2A461AC30088F030 = {
						CreatedOnToolsVersion = 14.3;
						TestTargetID = F3F4622A2A461AC20088F030;
					};
				};
			};
			buildConfigurationList = F3F462262A461AC20088F030 /* Build configuration list for PBXProject "InstaApp" */;
			compatibilityVersion = "Xcode 14.0";
			developmentRegion = en;
			hasScannedForEncodings = 0;
			knownRegions = (
				en,
				Base,
			);
			mainGroup = F3F462222A461AC20088F030;
			productRefGroup = F3F4622C2A461AC20088F030 /* Products */;
			projectDirPath = "";
			projectRoot = "";
			targets = (
				F3F4622A2A461AC20088F030 /* InstaApp */,
				F3F462432A461AC30088F030 /* InstaAppTests */,
				F3F4624D2A461AC30088F030 /* InstaAppUITests */,
			);
		};
/* End PBXProject section */

/* Begin PBXResourcesBuildPhase section */
		F3F462292A461AC20088F030 /* Resources */ = {
			isa = PBXResourcesBuildPhase;
			buildActionMask = 2147483647;
			files = (
				F3F4623E2A461AC30088F030 /* LaunchScreen.storyboard in Resources */,
				F3F4623B2A461AC30088F030 /* Assets.xcassets in Resources */,
				F3F462362A461AC20088F030 /* Main.storyboard in Resources */,
			);
			runOnlyForDeploymentPostprocessing = 0;
		};
		F3F462422A461AC30088F030 /* Resources */ = {
			isa = PBXResourcesBuildPhase;
			buildActionMask = 2147483647;
			files = (
			);
			runOnlyForDeploymentPostprocessing = 0;
		};
		F3F4624C2A461AC30088F030 /* Resources */ = {
			isa = PBXResourcesBuildPhase;
			buildActionMask = 2147483647;
			files = (
			);
			runOnlyForDeploymentPostprocessing = 0;
		};
/* End PBXResourcesBuildPhase section */

/* Begin PBXSourcesBuildPhase section */
		F3F462272A461AC20088F030 /* Sources */ = {
			isa = PBXSourcesBuildPhase;
			buildActionMask = 2147483647;
			files = (
				F3F462332A461AC20088F030 /* ViewController.swift in Sources */,
				F3F462392A461AC20088F030 /* InstaApp.xcdatamodeld in Sources */,
				F3F4622F2A461AC20088F030 /* AppDelegate.swift in Sources */,
				F3F462312A461AC20088F030 /* SceneDelegate.swift in Sources */,
			);
			runOnlyForDeploymentPostprocessing = 0;
		};
		F3F462402A461AC30088F030 /* Sources */ = {
			isa = PBXSourcesBuildPhase;
			buildActionMask = 2147483647;
			files = (
				F3F462492A461AC30088F030 /* InstaAppTests.swift in Sources */,
			);
			runOnlyForDeploymentPostprocessing = 0;
		};
		F3F4624A2A461AC30088F030 /* Sources */ = {
			isa = PBXSourcesBuildPhase;
			buildActionMask = 2147483647;
			files = (
				F3F462552A461AC30088F030 /* InstaAppUITestsLaunchTests.swift in Sources */,
				F3F462532A461AC30088F030 /* InstaAppUITests.swift in Sources */,
			);
			runOnlyForDeploymentPostprocessing = 0;
		};
/* End PBXSourcesBuildPhase section */

/* Begin PBXTargetDependency section */
		F3F462462A461AC30088F030 /* PBXTargetDependency */ = {
			isa = PBXTargetDependency;
			target = F3F4622A2A461AC20088F030 /* InstaApp */;
			targetProxy = F3F462452A461AC30088F030 /* PBXContainerItemProxy */;
		};
		F3F462502A461AC30088F030 /* PBXTargetDependency */ = {
			isa = PBXTargetDependency;
			target = F3F4622A2A461AC20088F030 /* InstaApp */;
			targetProxy = F3F4624F2A461AC30088F030 /* PBXContainerItemProxy */;
		};
/* End PBXTargetDependency section */

/* Begin PBXVariantGroup section */
		F3F462342A461AC20088F030 /* Main.storyboard */ = {
			isa = PBXVariantGroup;
			children = (
				F3F462352A461AC20088F030 /* Base */,
			);
			name = Main.storyboard;
			sourceTree = "<group>";
		};
		F3F4623C2A461AC30088F030 /* LaunchScreen.storyboard */ = {
			isa = PBXVariantGroup;
			children = (
				F3F4623D2A461AC30088F030 /* Base */,
			);
			name = LaunchScreen.storyboard;
			sourceTree = "<group>";
		};
/* End PBXVariantGroup section */

/* Begin XCBuildConfiguration section */
		F3F462562A461AC30088F030 /* Debug */ = {
			isa = XCBuildConfiguration;
			buildSettings = {
				ALWAYS_SEARCH_USER_PATHS = NO;
				CLANG_ANALYZER_NONNULL = YES;
				CLANG_ANALYZER_NUMBER_OBJECT_CONVERSION = YES_AGGRESSIVE;
				CLANG_CXX_LANGUAGE_STANDARD = "gnu++20";
				CLANG_ENABLE_MODULES = YES;
				CLANG_ENABLE_OBJC_ARC = YES;
				CLANG_ENABLE_OBJC_WEAK = YES;
				CLANG_WARN_BLOCK_CAPTURE_AUTORELEASING = YES;
				CLANG_WARN_BOOL_CONVERSION = YES;
				CLANG_WARN_COMMA = YES;
				CLANG_WARN_CONSTANT_CONVERSION = YES;
				CLANG_WARN_DEPRECATED_OBJC_IMPLEMENTATIONS = YES;
				CLANG_WARN_DIRECT_OBJC_ISA_USAGE = YES_ERROR;
				CLANG_WARN_DOCUMENTATION_COMMENTS = YES;
				CLANG_WARN_EMPTY_BODY = YES;
				CLANG_WARN_ENUM_CONVERSION = YES;
				CLANG_WARN_INFINITE_RECURSION = YES;
				CLANG_WARN_INT_CONVERSION = YES;
				CLANG_WARN_NON_LITERAL_NULL_CONVERSION = YES;
				CLANG_WARN_OBJC_IMPLICIT_RETAIN_SELF = YES;
				CLANG_WARN_OBJC_LITERAL_CONVERSION = YES;
				CLANG_WARN_OBJC_ROOT_CLASS = YES_ERROR;
				CLANG_WARN_QUOTED_INCLUDE_IN_FRAMEWORK_HEADER = YES;
				CLANG_WARN_RANGE_LOOP_ANALYSIS = YES;
				CLANG_WARN_STRICT_PROTOTYPES = YES;
				CLANG_WARN_SUSPICIOUS_MOVE = YES;
				CLANG_WARN_UNGUARDED_AVAILABILITY = YES_AGGRESSIVE;
				CLANG_WARN_UNREACHABLE_CODE = YES;
				CLANG_WARN__DUPLICATE_METHOD_MATCH = YES;
				COPY_PHASE_STRIP = NO;
				DEBUG_INFORMATION_FORMAT = dwarf;
				ENABLE_STRICT_OBJC_MSGSEND = YES;
				ENABLE_TESTABILITY = YES;
				GCC_C_LANGUAGE_STANDARD = gnu11;
				GCC_DYNAMIC_NO_PIC = NO;
				GCC_NO_COMMON_BLOCKS = YES;
				GCC_OPTIMIZATION_LEVEL = 0;
				GCC_PREPROCESSOR_DEFINITIONS = (
					"DEBUG=1",
					"$(inherited)",
				);
				GCC_WARN_64_TO_32_BIT_CONVERSION = YES;
				GCC_WARN_ABOUT_RETURN_TYPE = YES_ERROR;
				GCC_WARN_UNDECLARED_SELECTOR = YES;
				GCC_WARN_UNINITIALIZED_AUTOS = YES_AGGRESSIVE;
				GCC_WARN_UNUSED_FUNCTION = YES;
				GCC_WARN_UNUSED_VARIABLE = YES;
				IPHONEOS_DEPLOYMENT_TARGET = 16.4;
				MTL_ENABLE_DEBUG_INFO = INCLUDE_SOURCE;
				MTL_FAST_MATH = YES;
				ONLY_ACTIVE_ARCH = YES;
				SDKROOT = iphoneos;
				SWIFT_ACTIVE_COMPILATION_CONDITIONS = DEBUG;
				SWIFT_OPTIMIZATION_LEVEL = "-Onone";
			};
			name = Debug;
		};
		F3F462572A461AC30088F030 /* Release */ = {
			isa = XCBuildConfiguration;
			buildSettings = {
				ALWAYS_SEARCH_USER_PATHS = NO;
				CLANG_ANALYZER_NONNULL = YES;
				CLANG_ANALYZER_NUMBER_OBJECT_CONVERSION = YES_AGGRESSIVE;
				CLANG_CXX_LANGUAGE_STANDARD = "gnu++20";
				CLANG_ENABLE_MODULES = YES;
				CLANG_ENABLE_OBJC_ARC = YES;
				CLANG_ENABLE_OBJC_WEAK = YES;
				CLANG_WARN_BLOCK_CAPTURE_AUTORELEASING = YES;
				CLANG_WARN_BOOL_CONVERSION = YES;
				CLANG_WARN_COMMA = YES;
				CLANG_WARN_CONSTANT_CONVERSION = YES;
				CLANG_WARN_DEPRECATED_OBJC_IMPLEMENTATIONS = YES;
				CLANG_WARN_DIRECT_OBJC_ISA_USAGE = YES_ERROR;
				CLANG_WARN_DOCUMENTATION_COMMENTS = YES;
				CLANG_WARN_EMPTY_BODY = YES;
				CLANG_WARN_ENUM_CONVERSION = YES;
				CLANG_WARN_INFINITE_RECURSION = YES;
				CLANG_WARN_INT_CONVERSION = YES;
				CLANG_WARN_NON_LITERAL_NULL_CONVERSION = YES;
				CLANG_WARN_OBJC_IMPLICIT_RETAIN_SELF = YES;
				CLANG_WARN_OBJC_LITERAL_CONVERSION = YES;
				CLANG_WARN_OBJC_ROOT_CLASS = YES_ERROR;
				CLANG_WARN_QUOTED_INCLUDE_IN_FRAMEWORK_HEADER = YES;
				CLANG_WARN_RANGE_LOOP_ANALYSIS = YES;
				CLANG_WARN_STRICT_PROTOTYPES = YES;
				CLANG_WARN_SUSPICIOUS_MOVE = YES;
				CLANG_WARN_UNGUARDED_AVAILABILITY = YES_AGGRESSIVE;
				CLANG_WARN_UNREACHABLE_CODE = YES;
				CLANG_WARN__DUPLICATE_METHOD_MATCH = YES;
				COPY_PHASE_STRIP = NO;
				DEBUG_INFORMATION_FORMAT = "dwarf-with-dsym";
				ENABLE_NS_ASSERTIONS = NO;
				ENABLE_STRICT_OBJC_MSGSEND = YES;
				GCC_C_LANGUAGE_STANDARD = gnu11;
				GCC_NO_COMMON_BLOCKS = YES;
				GCC_WARN_64_TO_32_BIT_CONVERSION = YES;
				GCC_WARN_ABOUT_RETURN_TYPE = YES_ERROR;
				GCC_WARN_UNDECLARED_SELECTOR = YES;
				GCC_WARN_UNINITIALIZED_AUTOS = YES_AGGRESSIVE;
				GCC_WARN_UNUSED_FUNCTION = YES;
				GCC_WARN_UNUSED_VARIABLE = YES;
				IPHONEOS_DEPLOYMENT_TARGET = 16.4;
				MTL_ENABLE_DEBUG_INFO = NO;
				MTL_FAST_MATH = YES;
				SDKROOT = iphoneos;
				SWIFT_COMPILATION_MODE = wholemodule;
				SWIFT_OPTIMIZATION_LEVEL = "-O";
				VALIDATE_PRODUCT = YES;
			};
			name = Release;
		};
		F3F462592A461AC30088F030 /* Debug */ = {
			isa = XCBuildConfiguration;
			buildSettings = {
				ASSETCATALOG_COMPILER_APPICON_NAME = AppIcon;
				ASSETCATALOG_COMPILER_GLOBAL_ACCENT_COLOR_NAME = AccentColor;
				CODE_SIGN_STYLE = Automatic;
				CURRENT_PROJECT_VERSION = 1;
				GENERATE_INFOPLIST_FILE = YES;
				INFOPLIST_FILE = InstaApp/Info.plist;
				INFOPLIST_KEY_UIApplicationSupportsIndirectInputEvents = YES;
				INFOPLIST_KEY_UILaunchStoryboardName = LaunchScreen;
				INFOPLIST_KEY_UIMainStoryboardFile = Main;
				INFOPLIST_KEY_UISupportedInterfaceOrientations_iPad = "UIInterfaceOrientationPortrait UIInterfaceOrientationPortraitUpsideDown UIInterfaceOrientationLandscapeLeft UIInterfaceOrientationLandscapeRight";
				INFOPLIST_KEY_UISupportedInterfaceOrientations_iPhone = "UIInterfaceOrientationPortrait UIInterfaceOrientationLandscapeLeft UIInterfaceOrientationLandscapeRight";
				LD_RUNPATH_SEARCH_PATHS = (
					"$(inherited)",
					"@executable_path/Frameworks",
				);
				MARKETING_VERSION = 1.0;
				PRODUCT_BUNDLE_IDENTIFIER = ramo.InstaApp;
				PRODUCT_NAME = "$(TARGET_NAME)";
				SWIFT_EMIT_LOC_STRINGS = YES;
				SWIFT_VERSION = 5.0;
				TARGETED_DEVICE_FAMILY = "1,2";
			};
			name = Debug;
		};
		F3F4625A2A461AC30088F030 /* Release */ = {
			isa = XCBuildConfiguration;
			buildSettings = {
				ASSETCATALOG_COMPILER_APPICON_NAME = AppIcon;
				ASSETCATALOG_COMPILER_GLOBAL_ACCENT_COLOR_NAME = AccentColor;
				CODE_SIGN_STYLE = Automatic;
				CURRENT_PROJECT_VERSION = 1;
				GENERATE_INFOPLIST_FILE = YES;
				INFOPLIST_FILE = InstaApp/Info.plist;
				INFOPLIST_KEY_UIApplicationSupportsIndirectInputEvents = YES;
				INFOPLIST_KEY_UILaunchStoryboardName = LaunchScreen;
				INFOPLIST_KEY_UIMainStoryboardFile = Main;
				INFOPLIST_KEY_UISupportedInterfaceOrientations_iPad = "UIInterfaceOrientationPortrait UIInterfaceOrientationPortraitUpsideDown UIInterfaceOrientationLandscapeLeft UIInterfaceOrientationLandscapeRight";
				INFOPLIST_KEY_UISupportedInterfaceOrientations_iPhone = "UIInterfaceOrientationPortrait UIInterfaceOrientationLandscapeLeft UIInterfaceOrientationLandscapeRight";
				LD_RUNPATH_SEARCH_PATHS = (
					"$(inherited)",
					"@executable_path/Frameworks",
				);
				MARKETING_VERSION = 1.0;
				PRODUCT_BUNDLE_IDENTIFIER = ramo.InstaApp;
				PRODUCT_NAME = "$(TARGET_NAME)";
				SWIFT_EMIT_LOC_STRINGS = YES;
				SWIFT_VERSION = 5.0;
				TARGETED_DEVICE_FAMILY = "1,2";
			};
			name = Release;
		};
		F3F4625C2A461AC30088F030 /* Debug */ = {
			isa = XCBuildConfiguration;
			buildSettings = {
				ALWAYS_EMBED_SWIFT_STANDARD_LIBRARIES = YES;
				BUNDLE_LOADER = "$(TEST_HOST)";
				CODE_SIGN_STYLE = Automatic;
				CURRENT_PROJECT_VERSION = 1;
				GENERATE_INFOPLIST_FILE = YES;
				IPHONEOS_DEPLOYMENT_TARGET = 16.4;
				MARKETING_VERSION = 1.0;
				PRODUCT_BUNDLE_IDENTIFIER = ramo.InstaAppTests;
				PRODUCT_NAME = "$(TARGET_NAME)";
				SWIFT_EMIT_LOC_STRINGS = NO;
				SWIFT_VERSION = 5.0;
				TARGETED_DEVICE_FAMILY = "1,2";
				TEST_HOST = "$(BUILT_PRODUCTS_DIR)/InstaApp.app/$(BUNDLE_EXECUTABLE_FOLDER_PATH)/InstaApp";
			};
			name = Debug;
		};
		F3F4625D2A461AC30088F030 /* Release */ = {
			isa = XCBuildConfiguration;
			buildSettings = {
				ALWAYS_EMBED_SWIFT_STANDARD_LIBRARIES = YES;
				BUNDLE_LOADER = "$(TEST_HOST)";
				CODE_SIGN_STYLE = Automatic;
				CURRENT_PROJECT_VERSION = 1;
				GENERATE_INFOPLIST_FILE = YES;
				IPHONEOS_DEPLOYMENT_TARGET = 16.4;
				MARKETING_VERSION = 1.0;
				PRODUCT_BUNDLE_IDENTIFIER = ramo.InstaAppTests;
				PRODUCT_NAME = "$(TARGET_NAME)";
				SWIFT_EMIT_LOC_STRINGS = NO;
				SWIFT_VERSION = 5.0;
				TARGETED_DEVICE_FAMILY = "1,2";
				TEST_HOST = "$(BUILT_PRODUCTS_DIR)/InstaApp.app/$(BUNDLE_EXECUTABLE_FOLDER_PATH)/InstaApp";
			};
			name = Release;
		};
		F3F4625F2A461AC30088F030 /* Debug */ = {
			isa = XCBuildConfiguration;
			buildSettings = {
				ALWAYS_EMBED_SWIFT_STANDARD_LIBRARIES = YES;
				CODE_SIGN_STYLE = Automatic;
				CURRENT_PROJECT_VERSION = 1;
				GENERATE_INFOPLIST_FILE = YES;
				MARKETING_VERSION = 1.0;
				PRODUCT_BUNDLE_IDENTIFIER = ramo.InstaAppUITests;
				PRODUCT_NAME = "$(TARGET_NAME)";
				SWIFT_EMIT_LOC_STRINGS = NO;
				SWIFT_VERSION = 5.0;
				TARGETED_DEVICE_FAMILY = "1,2";
				TEST_TARGET_NAME = InstaApp;
			};
			name = Debug;
		};
		F3F462602A461AC30088F030 /* Release */ = {
			isa = XCBuildConfiguration;
			buildSettings = {
				ALWAYS_EMBED_SWIFT_STANDARD_LIBRARIES = YES;
				CODE_SIGN_STYLE = Automatic;
				CURRENT_PROJECT_VERSION = 1;
				GENERATE_INFOPLIST_FILE = YES;
				MARKETING_VERSION = 1.0;
				PRODUCT_BUNDLE_IDENTIFIER = ramo.InstaAppUITests;
				PRODUCT_NAME = "$(TARGET_NAME)";
				SWIFT_EMIT_LOC_STRINGS = NO;
				SWIFT_VERSION = 5.0;
				TARGETED_DEVICE_FAMILY = "1,2";
				TEST_TARGET_NAME = InstaApp;
			};
			name = Release;
		};
/* End XCBuildConfiguration section */

/* Begin XCConfigurationList section */
		F3F462262A461AC20088F030 /* Build configuration list for PBXProject "InstaApp" */ = {
			isa = XCConfigurationList;
			buildConfigurations = (
				F3F462562A461AC30088F030 /* Debug */,
				F3F462572A461AC30088F030 /* Release */,
			);
			defaultConfigurationIsVisible = 0;
			defaultConfigurationName = Release;
		};
		F3F462582A461AC30088F030 /* Build configuration list for PBXNativeTarget "InstaApp" */ = {
			isa = XCConfigurationList;
			buildConfigurations = (
				F3F462592A461AC30088F030 /* Debug */,
				F3F4625A2A461AC30088F030 /* Release */,
			);
			defaultConfigurationIsVisible = 0;
			defaultConfigurationName = Release;
		};
		F3F4625B2A461AC30088F030 /* Build configuration list for PBXNativeTarget "InstaAppTests" */ = {
			isa = XCConfigurationList;
			buildConfigurations = (
				F3F4625C2A461AC30088F030 /* Debug */,
				F3F4625D2A461AC30088F030 /* Release */,
			);
			defaultConfigurationIsVisible = 0;
			defaultConfigurationName = Release;
		};
		F3F4625E2A461AC30088F030 /* Build configuration list for PBXNativeTarget "InstaAppUITests" */ = {
			isa = XCConfigurationList;
			buildConfigurations = (
				F3F4625F2A461AC30088F030 /* Debug */,
				F3F462602A461AC30088F030 /* Release */,
			);
			defaultConfigurationIsVisible = 0;
			defaultConfigurationName = Release;
		};
/* End XCConfigurationList section */

/* Begin XCVersionGroup section */
		F3F462372A461AC20088F030 /* InstaApp.xcdatamodeld */ = {
			isa = XCVersionGroup;
			children = (
				F3F462382A461AC20088F030 /* InstaApp.xcdatamodel */,
			);
			currentVersion = F3F462382A461AC20088F030 /* InstaApp.xcdatamodel */;
			path = InstaApp.xcdatamodeld;
			sourceTree = "<group>";
			versionGroupType = wrapper.xcdatamodel;
		};
/* End XCVersionGroup section */
	};
	rootObject = F3F462232A461AC20088F030 /* Project object */;
}
